
Microsoft Visual Studio Solution File, Format Version 12.00
# Visual Studio Version 16
VisualStudioVersion = 16.0.33214.272
MinimumVisualStudioVersion = 10.0.40219.1
Project("{FAE04EC0-301F-11D3-BF4B-00C04F79EFBC}") = "Turnos", "Turnos\Turnos.csproj", "{6C8ADD06-5532-4DD6-A6CF-32CAD56CE424}"
EndProject
Project("{FAE04EC0-301F-11D3-BF4B-00C04F79EFBC}") = "Dominio", "Dominio\Dominio.csproj", "{CE61A885-3595-4182-9517-BC49C047744F}"
EndProject
Project("{FAE04EC0-301F-11D3-BF4B-00C04F79EFBC}") = "Negocio", "Negocio\Negocio.csproj", "{99119DCA-F7B1-40D8-921E-A3E85CB370DF}"
EndProject
Global
	GlobalSection(SolutionConfigurationPlatforms) = preSolution
		Debug|Any CPU = Debug|Any CPU
		Release|Any CPU = Release|Any CPU
	EndGlobalSection
	GlobalSection(ProjectConfigurationPlatforms) = postSolution
		{6C8ADD06-5532-4DD6-A6CF-32CAD56CE424}.Debug|Any CPU.ActiveCfg = Debug|Any CPU
		{6C8ADD06-5532-4DD6-A6CF-32CAD56CE424}.Debug|Any CPU.Build.0 = Debug|Any CPU
		{6C8ADD06-5532-4DD6-A6CF-32CAD56CE424}.Release|Any CPU.ActiveCfg = Release|Any CPU
		{6C8ADD06-5532-4DD6-A6CF-32CAD56CE424}.Release|Any CPU.Build.0 = Release|Any CPU
		{CE61A885-3595-4182-9517-BC49C047744F}.Debug|Any CPU.ActiveCfg = Debug|Any CPU
		{CE61A885-3595-4182-9517-BC49C047744F}.Debug|Any CPU.Build.0 = Debug|Any CPU
		{CE61A885-3595-4182-9517-BC49C047744F}.Release|Any CPU.ActiveCfg = Release|Any CPU
		{CE61A885-3595-4182-9517-BC49C047744F}.Release|Any CPU.Build.0 = Release|Any CPU
		{99119DCA-F7B1-40D8-921E-A3E85CB370DF}.Debug|Any CPU.ActiveCfg = Debug|Any CPU
		{99119DCA-F7B1-40D8-921E-A3E85CB370DF}.Debug|Any CPU.Build.0 = Debug|Any CPU
		{99119DCA-F7B1-40D8-921E-A3E85CB370DF}.Release|Any CPU.ActiveCfg = Release|Any CPU
		{99119DCA-F7B1-40D8-921E-A3E85CB370DF}.Release|Any CPU.Build.0 = Release|Any CPU
	EndGlobalSection
	GlobalSection(SolutionProperties) = preSolution
		HideSolutionNode = FALSE
	EndGlobalSection
	GlobalSection(ExtensibilityGlobals) = postSolution
		SolutionGuid = {D0ED6278-AD63-4350-B3F8-7ED3991E07D1}
	EndGlobalSection
EndGlobal
